
Microsoft Visual Studio Solution File, Format Version 12.00
# Visual Studio Version 17
VisualStudioVersion = 17.1.32421.90
MinimumVisualStudioVersion = 10.0.40219.1
Project("{9A19103F-16F7-4668-BE54-9A1E7A4F7556}") = "CompanyCalendar", "CompanyCalendar\CompanyCalendar.csproj", "{08B71872-C561-432A-9E41-7B8BF7761D1C}"
EndProject
Project("{9A19103F-16F7-4668-BE54-9A1E7A4F7556}") = "CompanyCalendar.Exporter.Google", "CompanyCalendar.Exporter.Google\CompanyCalendar.Exporter.Google.csproj", "{ABDE318D-D242-46D7-91A9-0E41F22A1E24}"
EndProject
Project("{9A19103F-16F7-4668-BE54-9A1E7A4F7556}") = "CompanyCalendar.Exporter.Ics", "CompanyCalendar.Exporter.Ics\CompanyCalendar.Exporter.Ics.csproj", "{06CDB349-DB5A-4859-BF76-130C5B8D001A}"
EndProject
Project("{9A19103F-16F7-4668-BE54-9A1E7A4F7556}") = "CompanyCalendar.Importer.Csv", "CompanyCalendar.Importer.Csv\CompanyCalendar.Importer.Csv.csproj", "{2B5DE25B-85FA-4967-8A59-FC807FC0164C}"
EndProject
Project("{9A19103F-16F7-4668-BE54-9A1E7A4F7556}") = "CompanyCalendar.Tests", "CompanyCalendar.Tests\CompanyCalendar.Tests.csproj", "{D8CBFBD8-C65F-4016-A851-0D6DCCEC9123}"
EndProject
Project("{FAE04EC0-301F-11D3-BF4B-00C04F79EFBC}") = "CompanyCalendar.Importer.MsSql", "CompanyCalendar.Importer.MsSql\CompanyCalendar.Importer.MsSql.csproj", "{D1B3DE65-7BF3-41D3-B047-2938861F211E}"
EndProject
Global
	GlobalSection(SolutionConfigurationPlatforms) = preSolution
		Debug|Any CPU = Debug|Any CPU
		Release|Any CPU = Release|Any CPU
	EndGlobalSection
	GlobalSection(ProjectConfigurationPlatforms) = postSolution
		{08B71872-C561-432A-9E41-7B8BF7761D1C}.Debug|Any CPU.ActiveCfg = Debug|Any CPU
		{08B71872-C561-432A-9E41-7B8BF7761D1C}.Debug|Any CPU.Build.0 = Debug|Any CPU
		{08B71872-C561-432A-9E41-7B8BF7761D1C}.Release|Any CPU.ActiveCfg = Release|Any CPU
		{08B71872-C561-432A-9E41-7B8BF7761D1C}.Release|Any CPU.Build.0 = Release|Any CPU
		{ABDE318D-D242-46D7-91A9-0E41F22A1E24}.Debug|Any CPU.ActiveCfg = Debug|Any CPU
		{ABDE318D-D242-46D7-91A9-0E41F22A1E24}.Debug|Any CPU.Build.0 = Debug|Any CPU
		{ABDE318D-D242-46D7-91A9-0E41F22A1E24}.Release|Any CPU.ActiveCfg = Release|Any CPU
		{ABDE318D-D242-46D7-91A9-0E41F22A1E24}.Release|Any CPU.Build.0 = Release|Any CPU
		{06CDB349-DB5A-4859-BF76-130C5B8D001A}.Debug|Any CPU.ActiveCfg = Debug|Any CPU
		{06CDB349-DB5A-4859-BF76-130C5B8D001A}.Debug|Any CPU.Build.0 = Debug|Any CPU
		{06CDB349-DB5A-4859-BF76-130C5B8D001A}.Release|Any CPU.ActiveCfg = Release|Any CPU
		{06CDB349-DB5A-4859-BF76-130C5B8D001A}.Release|Any CPU.Build.0 = Release|Any CPU
		{2B5DE25B-85FA-4967-8A59-FC807FC0164C}.Debug|Any CPU.ActiveCfg = Debug|Any CPU
		{2B5DE25B-85FA-4967-8A59-FC807FC0164C}.Debug|Any CPU.Build.0 = Debug|Any CPU
		{2B5DE25B-85FA-4967-8A59-FC807FC0164C}.Release|Any CPU.ActiveCfg = Release|Any CPU
		{2B5DE25B-85FA-4967-8A59-FC807FC0164C}.Release|Any CPU.Build.0 = Release|Any CPU
		{D8CBFBD8-C65F-4016-A851-0D6DCCEC9123}.Debug|Any CPU.ActiveCfg = Debug|Any CPU
		{D8CBFBD8-C65F-4016-A851-0D6DCCEC9123}.Debug|Any CPU.Build.0 = Debug|Any CPU
		{D8CBFBD8-C65F-4016-A851-0D6DCCEC9123}.Release|Any CPU.ActiveCfg = Release|Any CPU
		{D8CBFBD8-C65F-4016-A851-0D6DCCEC9123}.Release|Any CPU.Build.0 = Release|Any CPU
		{D1B3DE65-7BF3-41D3-B047-2938861F211E}.Debug|Any CPU.ActiveCfg = Debug|Any CPU
		{D1B3DE65-7BF3-41D3-B047-2938861F211E}.Debug|Any CPU.Build.0 = Debug|Any CPU
		{D1B3DE65-7BF3-41D3-B047-2938861F211E}.Release|Any CPU.ActiveCfg = Release|Any CPU
		{D1B3DE65-7BF3-41D3-B047-2938861F211E}.Release|Any CPU.Build.0 = Release|Any CPU
	EndGlobalSection
	GlobalSection(SolutionProperties) = preSolution
		HideSolutionNode = FALSE
	EndGlobalSection
	GlobalSection(ExtensibilityGlobals) = postSolution
		SolutionGuid = {33B992AA-5BBA-4081-B7B3-48A76BAB9B7B}
	EndGlobalSection
EndGlobal
